
Microsoft Visual Studio Solution File, Format Version 12.00
# Visual Studio 15
VisualStudioVersion = 15.0.27428.2005
MinimumVisualStudioVersion = 10.0.40219.1
Project("{FAE04EC0-301F-11D3-BF4B-00C04F79EFBC}") = "Celloc.DataTable.Aggregations", "Celloc.DataTable.Aggregations\Celloc.DataTable.Aggregations.csproj", "{5C477106-F6A8-4697-8718-67ED00F6EEB0}"
EndProject
Project("{FAE04EC0-301F-11D3-BF4B-00C04F79EFBC}") = "Celloc.DataTable.Aggregations.Tests", "Celloc.DataTable.Aggregations.Tests\Celloc.DataTable.Aggregations.Tests.csproj", "{C25983BD-11B3-4F7B-99D1-4BAF6F30456F}"
EndProject
Project("{2150E333-8FDC-42A3-9474-1A3956D46DE8}") = "Solution Items", "Solution Items", "{0A5A6BD7-4B67-4A9B-8181-80A811991E38}"
	ProjectSection(SolutionItems) = preProject
		Celloc.DataTable.Aggregations.nuspec = Celloc.DataTable.Aggregations.nuspec
		README.md = README.md
	EndProjectSection
EndProject
Global
	GlobalSection(SolutionConfigurationPlatforms) = preSolution
		Debug|Any CPU = Debug|Any CPU
		Release|Any CPU = Release|Any CPU
	EndGlobalSection
	GlobalSection(ProjectConfigurationPlatforms) = postSolution
		{5C477106-F6A8-4697-8718-67ED00F6EEB0}.Debug|Any CPU.ActiveCfg = Debug|Any CPU
		{5C477106-F6A8-4697-8718-67ED00F6EEB0}.Debug|Any CPU.Build.0 = Debug|Any CPU
		{5C477106-F6A8-4697-8718-67ED00F6EEB0}.Release|Any CPU.ActiveCfg = Release|Any CPU
		{5C477106-F6A8-4697-8718-67ED00F6EEB0}.Release|Any CPU.Build.0 = Release|Any CPU
		{C25983BD-11B3-4F7B-99D1-4BAF6F30456F}.Debug|Any CPU.ActiveCfg = Debug|Any CPU
		{C25983BD-11B3-4F7B-99D1-4BAF6F30456F}.Debug|Any CPU.Build.0 = Debug|Any CPU
		{C25983BD-11B3-4F7B-99D1-4BAF6F30456F}.Release|Any CPU.ActiveCfg = Release|Any CPU
		{C25983BD-11B3-4F7B-99D1-4BAF6F30456F}.Release|Any CPU.Build.0 = Release|Any CPU
	EndGlobalSection
	GlobalSection(SolutionProperties) = preSolution
		HideSolutionNode = FALSE
	EndGlobalSection
	GlobalSection(ExtensibilityGlobals) = postSolution
		SolutionGuid = {62F76AAB-320B-4B2B-B7C3-25097836FDCC}
	EndGlobalSection
EndGlobal
